
Microsoft Visual Studio Solution File, Format Version 12.00
# Visual Studio 15
VisualStudioVersion = 15.0.27703.2026
MinimumVisualStudioVersion = 10.0.40219.1
Project("{9A19103F-16F7-4668-BE54-9A1E7A4F7556}") = "NetCoreSamples.Common", "NetCoreSamples.Common\NetCoreSamples.Common.csproj", "{F0F3F25F-5F85-4D34-B22F-82372EB2FF3C}"
EndProject
Project("{9A19103F-16F7-4668-BE54-9A1E7A4F7556}") = "NetCoreSamples.Interfaces", "NetCoreSamples.Interfaces\NetCoreSamples.Interfaces.csproj", "{6ED5D468-F57F-4204-979E-973DB6EE043C}"
EndProject
Project("{9A19103F-16F7-4668-BE54-9A1E7A4F7556}") = "NetCoreSamples.Tests", "NetCoreSamples.Tests\NetCoreSamples.Tests.csproj", "{A43BE716-257A-49D0-8887-A7F26CF58151}"
EndProject
Project("{9A19103F-16F7-4668-BE54-9A1E7A4F7556}") = "NetCoreSamples.WebApi", "NetCoreSamples.WebApi\NetCoreSamples.WebApi.csproj", "{C3DD22BB-96F6-421C-9AE4-C14777CC7787}"
EndProject
Project("{FAE04EC0-301F-11D3-BF4B-00C04F79EFBC}") = "NetCoreSamples.Security", "NetCoreSamples.Security\NetCoreSamples.Security.csproj", "{748E53D9-D9E2-453B-ACE1-2E61E813D735}"
EndProject
Global
	GlobalSection(SolutionConfigurationPlatforms) = preSolution
		Debug|Any CPU = Debug|Any CPU
		Release|Any CPU = Release|Any CPU
	EndGlobalSection
	GlobalSection(ProjectConfigurationPlatforms) = postSolution
		{F0F3F25F-5F85-4D34-B22F-82372EB2FF3C}.Debug|Any CPU.ActiveCfg = Debug|Any CPU
		{F0F3F25F-5F85-4D34-B22F-82372EB2FF3C}.Debug|Any CPU.Build.0 = Debug|Any CPU
		{F0F3F25F-5F85-4D34-B22F-82372EB2FF3C}.Release|Any CPU.ActiveCfg = Release|Any CPU
		{F0F3F25F-5F85-4D34-B22F-82372EB2FF3C}.Release|Any CPU.Build.0 = Release|Any CPU
		{6ED5D468-F57F-4204-979E-973DB6EE043C}.Debug|Any CPU.ActiveCfg = Debug|Any CPU
		{6ED5D468-F57F-4204-979E-973DB6EE043C}.Debug|Any CPU.Build.0 = Debug|Any CPU
		{6ED5D468-F57F-4204-979E-973DB6EE043C}.Release|Any CPU.ActiveCfg = Release|Any CPU
		{6ED5D468-F57F-4204-979E-973DB6EE043C}.Release|Any CPU.Build.0 = Release|Any CPU
		{A43BE716-257A-49D0-8887-A7F26CF58151}.Debug|Any CPU.ActiveCfg = Debug|Any CPU
		{A43BE716-257A-49D0-8887-A7F26CF58151}.Debug|Any CPU.Build.0 = Debug|Any CPU
		{A43BE716-257A-49D0-8887-A7F26CF58151}.Release|Any CPU.ActiveCfg = Release|Any CPU
		{A43BE716-257A-49D0-8887-A7F26CF58151}.Release|Any CPU.Build.0 = Release|Any CPU
		{C3DD22BB-96F6-421C-9AE4-C14777CC7787}.Debug|Any CPU.ActiveCfg = Debug|Any CPU
		{C3DD22BB-96F6-421C-9AE4-C14777CC7787}.Debug|Any CPU.Build.0 = Debug|Any CPU
		{C3DD22BB-96F6-421C-9AE4-C14777CC7787}.Release|Any CPU.ActiveCfg = Release|Any CPU
		{C3DD22BB-96F6-421C-9AE4-C14777CC7787}.Release|Any CPU.Build.0 = Release|Any CPU
		{748E53D9-D9E2-453B-ACE1-2E61E813D735}.Debug|Any CPU.ActiveCfg = Debug|Any CPU
		{748E53D9-D9E2-453B-ACE1-2E61E813D735}.Debug|Any CPU.Build.0 = Debug|Any CPU
		{748E53D9-D9E2-453B-ACE1-2E61E813D735}.Release|Any CPU.ActiveCfg = Release|Any CPU
		{748E53D9-D9E2-453B-ACE1-2E61E813D735}.Release|Any CPU.Build.0 = Release|Any CPU
	EndGlobalSection
	GlobalSection(SolutionProperties) = preSolution
		HideSolutionNode = FALSE
	EndGlobalSection
	GlobalSection(ExtensibilityGlobals) = postSolution
		SolutionGuid = {7C68C7AD-0653-4DB5-B04A-E6BA29CFACD9}
	EndGlobalSection
EndGlobal
